
Microsoft Visual Studio Solution File, Format Version 12.00
# Visual Studio Version 17
VisualStudioVersion = 17.8.34309.116
MinimumVisualStudioVersion = 10.0.40219.1
Project("{FAE04EC0-301F-11D3-BF4B-00C04F79EFBC}") = "ParallelismLearning", "ParallelismLearning\ParallelismLearning.csproj", "{8ABE74ED-545D-40A9-8C02-B8A5984871CC}"
EndProject
Global
	GlobalSection(SolutionConfigurationPlatforms) = preSolution
		Debug|Any CPU = Debug|Any CPU
		Release|Any CPU = Release|Any CPU
	EndGlobalSection
	GlobalSection(ProjectConfigurationPlatforms) = postSolution
		{8ABE74ED-545D-40A9-8C02-B8A5984871CC}.Debug|Any CPU.ActiveCfg = Debug|Any CPU
		{8ABE74ED-545D-40A9-8C02-B8A5984871CC}.Debug|Any CPU.Build.0 = Debug|Any CPU
		{8ABE74ED-545D-40A9-8C02-B8A5984871CC}.Release|Any CPU.ActiveCfg = Release|Any CPU
		{8ABE74ED-545D-40A9-8C02-B8A5984871CC}.Release|Any CPU.Build.0 = Release|Any CPU
	EndGlobalSection
	GlobalSection(SolutionProperties) = preSolution
		HideSolutionNode = FALSE
	EndGlobalSection
	GlobalSection(ExtensibilityGlobals) = postSolution
		SolutionGuid = {A027C046-DC42-4E5E-9877-B543EF8C2030}
	EndGlobalSection
EndGlobal
